
Microsoft Visual Studio Solution File, Format Version 12.00
# Visual Studio Version 17
VisualStudioVersion = 17.12.35309.182
MinimumVisualStudioVersion = 10.0.40219.1
Project("{FAE04EC0-301F-11D3-BF4B-00C04F79EFBC}") = "Solution_BE_092024", "Solution_BE_092024.csproj", "{F3C3C3E4-14F1-4241-A792-86DA6ED2057F}"
EndProject
Global
	GlobalSection(SolutionConfigurationPlatforms) = preSolution
		Debug|Any CPU = Debug|Any CPU
		Release|Any CPU = Release|Any CPU
	EndGlobalSection
	GlobalSection(ProjectConfigurationPlatforms) = postSolution
		{F3C3C3E4-14F1-4241-A792-86DA6ED2057F}.Debug|Any CPU.ActiveCfg = Debug|Any CPU
		{F3C3C3E4-14F1-4241-A792-86DA6ED2057F}.Debug|Any CPU.Build.0 = Debug|Any CPU
		{F3C3C3E4-14F1-4241-A792-86DA6ED2057F}.Release|Any CPU.ActiveCfg = Release|Any CPU
		{F3C3C3E4-14F1-4241-A792-86DA6ED2057F}.Release|Any CPU.Build.0 = Release|Any CPU
	EndGlobalSection
	GlobalSection(SolutionProperties) = preSolution
		HideSolutionNode = FALSE
	EndGlobalSection
	GlobalSection(ExtensibilityGlobals) = postSolution
		SolutionGuid = {7F430B00-1F4C-41DB-96B4-FD03B6AD7A42}
	EndGlobalSection
EndGlobal
